{
  "version": 4,
  "terraform_version": "1.3.1",
  "serial": 26,
  "lineage": "55d532ad-9b6b-e09c-2e1d-dce939f23400",
  "outputs": {},
  "resources": [
    {
      "mode": "managed",
      "type": "shell_script",
      "name": "manage_packages",
      "provider": "provider[\"registry.terraform.io/scottwinkler/shell\"]",
      "instances": [
        {
          "schema_version": 0,
          "attributes": {
            "dirty": false,
            "environment": {
              "install_pkgs": "",
              "list_pkgs": "",
              "new_versao": "",
              "old_pkgs": "",
              "uninstall_pkgs": "screen"
            },
            "id": "ccv6u5fn608hnmnl79eg",
            "interpreter": [
              "/bin/bash",
              "-c"
            ],
            "lifecycle_commands": [
              {
                "create": "#!/bin/bash\n\napt install $install_pkgs -y",
                "delete": "#!/bin/bash\n\napt-get remove --purge $uninstall_pkgs -y",
                "read": "#!/bin/bash\n\ndpkg -s $list_pkgs\n\nif [ $? -eq 0 ]\nthen\n    echo \"Pacote se encontra no SO\"\nelse\n    apt install -y $list_pkgs\nfi",
                "update": "#!/bin/bash\n\napt remove --purge $old_pkgs -y \u0026\u0026 apt install $new_version -y"
              }
            ],
            "output": null,
            "read_error": null,
            "sensitive_environment": null,
            "triggers": {
              "list_pkgs": "",
              "new_versao": "",
              "old_pkgs": "",
              "when_value_changed": "screen"
            },
            "working_directory": "."
          },
          "sensitive_attributes": [],
          "private": "bnVsbA=="
        }
      ]
    }
  ],
  "check_results": []
}
