{
  "version": 4,
  "terraform_version": "1.3.1",
  "serial": 5,
  "lineage": "2fb67923-b484-5ac3-28af-aba8ecd3a31a",
  "outputs": {},
  "resources": [
    {
      "mode": "managed",
      "type": "local_file",
      "name": "desafio3",
      "provider": "provider[\"registry.terraform.io/hashicorp/local\"]",
      "instances": [
        {
          "schema_version": 0,
          "attributes": {
            "content": "```\nAlo Mundo!\n\nMeu nome é Wesley Silva e estou participando do Desafio Terraform da Getup/LinuxTips.\n\nHoje é dia 06/10/2022 e os números de 1 a 100 divisíveis por 20 são: [0,20,40,60,80]\n\n```",
            "content_base64": null,
            "directory_permission": "0777",
            "file_permission": "0777",
            "filename": "./alo_mundo.txt",
            "id": "2df002e0849b7262bdba4520f54850127b527d17",
            "sensitive_content": null,
            "source": null
          },
          "sensitive_attributes": [],
          "private": "bnVsbA=="
        }
      ]
    }
  ],
  "check_results": []
}
